
Microsoft Visual Studio Solution File, Format Version 12.00
# Visual Studio Version 16
VisualStudioVersion = 16.0.30413.136
MinimumVisualStudioVersion = 10.0.40219.1
Project("{FAE04EC0-301F-11D3-BF4B-00C04F79EFBC}") = "DependencyGenerator.Worker", "DependencyGenerator.Worker\DependencyGenerator.Worker.csproj", "{A6FE2B43-B183-4B5D-A022-F4C2AB561919}"
EndProject
Global
	GlobalSection(SolutionConfigurationPlatforms) = preSolution
		Debug|Any CPU = Debug|Any CPU
		Release|Any CPU = Release|Any CPU
	EndGlobalSection
	GlobalSection(ProjectConfigurationPlatforms) = postSolution
		{A6FE2B43-B183-4B5D-A022-F4C2AB561919}.Debug|Any CPU.ActiveCfg = Debug|Any CPU
		{A6FE2B43-B183-4B5D-A022-F4C2AB561919}.Debug|Any CPU.Build.0 = Debug|Any CPU
		{A6FE2B43-B183-4B5D-A022-F4C2AB561919}.Release|Any CPU.ActiveCfg = Release|Any CPU
		{A6FE2B43-B183-4B5D-A022-F4C2AB561919}.Release|Any CPU.Build.0 = Release|Any CPU
	EndGlobalSection
	GlobalSection(SolutionProperties) = preSolution
		HideSolutionNode = FALSE
	EndGlobalSection
	GlobalSection(ExtensibilityGlobals) = postSolution
		SolutionGuid = {2FF2B8ED-0154-4D53-803E-570458D22837}
	EndGlobalSection
EndGlobal
